// !$*UTF8*$!
{
	archiveVersion = 1;
	classes = {
	};
	objectVersion = 46;
	objects = {

/* Begin PBXBuildFile section */
		9788FAD31B8BC61500ECDA33 /* AppDelegate.swift in Sources */ = {isa = PBXBuildFile; fileRef = 9788FAD21B8BC61500ECDA33 /* AppDelegate.swift */; };
		9788FAD51B8BC61500ECDA33 /* ViewController.swift in Sources */ = {isa = PBXBuildFile; fileRef = 9788FAD41B8BC61500ECDA33 /* ViewController.swift */; };
		9788FAD81B8BC61500ECDA33 /* Main.storyboard in Resources */ = {isa = PBXBuildFile; fileRef = 9788FAD61B8BC61500ECDA33 /* Main.storyboard */; };
		9788FADA1B8BC61500ECDA33 /* Images.xcassets in Resources */ = {isa = PBXBuildFile; fileRef = 9788FAD91B8BC61500ECDA33 /* Images.xcassets */; };
		9788FADD1B8BC61500ECDA33 /* LaunchScreen.xib in Resources */ = {isa = PBXBuildFile; fileRef = 9788FADB1B8BC61500ECDA33 /* LaunchScreen.xib */; };
		9788FAE91B8BC61500ECDA33 /* tipsTests.swift in Sources */ = {isa = PBXBuildFile; fileRef = 9788FAE81B8BC61500ECDA33 /* tipsTests.swift */; };
		9788FAFA1B8BDBB200ECDA33 /* ViewController2.swift in Sources */ = {isa = PBXBuildFile; fileRef = 9788FAF81B8BDBB200ECDA33 /* ViewController2.swift */; };
		9788FAFB1B8BDBB200ECDA33 /* ViewController2.xib in Resources */ = {isa = PBXBuildFile; fileRef = 9788FAF91B8BDBB200ECDA33 /* ViewController2.xib */; };
/* End PBXBuildFile section */

/* Begin PBXContainerItemProxy section */
		9788FAE31B8BC61500ECDA33 /* PBXContainerItemProxy */ = {
			isa = PBXContainerItemProxy;
			containerPortal = 9788FAC51B8BC61500ECDA33 /* Project object */;
			proxyType = 1;
			remoteGlobalIDString = 9788FACC1B8BC61500ECDA33;
			remoteInfo = tips;
		};
/* End PBXContainerItemProxy section */

/* Begin PBXFileReference section */
		9788FACD1B8BC61500ECDA33 /* tips.app */ = {isa = PBXFileReference; explicitFileType = wrapper.application; includeInIndex = 0; path = tips.app; sourceTree = BUILT_PRODUCTS_DIR; };
		9788FAD11B8BC61500ECDA33 /* Info.plist */ = {isa = PBXFileReference; lastKnownFileType = text.plist.xml; path = Info.plist; sourceTree = "<group>"; };
		9788FAD21B8BC61500ECDA33 /* AppDelegate.swift */ = {isa = PBXFileReference; lastKnownFileType = sourcecode.swift; path = AppDelegate.swift; sourceTree = "<group>"; };
		9788FAD41B8BC61500ECDA33 /* ViewController.swift */ = {isa = PBXFileReference; lastKnownFileType = sourcecode.swift; path = ViewController.swift; sourceTree = "<group>"; };
		9788FAD71B8BC61500ECDA33 /* Base */ = {isa = PBXFileReference; lastKnownFileType = file.storyboard; name = Base; path = Base.lproj/Main.storyboard; sourceTree = "<group>"; };
		9788FAD91B8BC61500ECDA33 /* Images.xcassets */ = {isa = PBXFileReference; lastKnownFileType = folder.assetcatalog; path = Images.xcassets; sourceTree = "<group>"; };
		9788FADC1B8BC61500ECDA33 /* Base */ = {isa = PBXFileReference; lastKnownFileType = file.xib; name = Base; path = Base.lproj/LaunchScreen.xib; sourceTree = "<group>"; };
		9788FAE21B8BC61500ECDA33 /* tipsTests.xctest */ = {isa = PBXFileReference; explicitFileType = wrapper.cfbundle; includeInIndex = 0; path = tipsTests.xctest; sourceTree = BUILT_PRODUCTS_DIR; };
		9788FAE71B8BC61500ECDA33 /* Info.plist */ = {isa = PBXFileReference; lastKnownFileType = text.plist.xml; path = Info.plist; sourceTree = "<group>"; };
		9788FAE81B8BC61500ECDA33 /* tipsTests.swift */ = {isa = PBXFileReference; lastKnownFileType = sourcecode.swift; path = tipsTests.swift; sourceTree = "<group>"; };
		9788FAF81B8BDBB200ECDA33 /* ViewController2.swift */ = {isa = PBXFileReference; fileEncoding = 4; lastKnownFileType = sourcecode.swift; path = ViewController2.swift; sourceTree = "<group>"; };
		9788FAF91B8BDBB200ECDA33 /* ViewController2.xib */ = {isa = PBXFileReference; fileEncoding = 4; lastKnownFileType = file.xib; path = ViewController2.xib; sourceTree = "<group>"; };
/* End PBXFileReference section */

/* Begin PBXFrameworksBuildPhase section */
		9788FACA1B8BC61500ECDA33 /* Frameworks */ = {
			isa = PBXFrameworksBuildPhase;
			buildActionMask = 2147483647;
			files = (
			);
			runOnlyForDeploymentPostprocessing = 0;
		};
		9788FADF1B8BC61500ECDA33 /* Frameworks */ = {
			isa = PBXFrameworksBuildPhase;
			buildActionMask = 2147483647;
			files = (
			);
			runOnlyForDeploymentPostprocessing = 0;
		};
/* End PBXFrameworksBuildPhase section */

/* Begin PBXGroup section */
		9788FAC41B8BC61500ECDA33 = {
			isa = PBXGroup;
			children = (
				9788FACF1B8BC61500ECDA33 /* tips */,
				9788FAE51B8BC61500ECDA33 /* tipsTests */,
				9788FACE1B8BC61500ECDA33 /* Products */,
			);
			sourceTree = "<group>";
		};
		9788FACE1B8BC61500ECDA33 /* Products */ = {
			isa = PBXGroup;
			children = (
				9788FACD1B8BC61500ECDA33 /* tips.app */,
				9788FAE21B8BC61500ECDA33 /* tipsTests.xctest */,
			);
			name = Products;
			sourceTree = "<group>";
		};
		9788FACF1B8BC61500ECDA33 /* tips */ = {
			isa = PBXGroup;
			children = (
				9788FAD21B8BC61500ECDA33 /* AppDelegate.swift */,
				9788FAD41B8BC61500ECDA33 /* ViewController.swift */,
				9788FAD61B8BC61500ECDA33 /* Main.storyboard */,
				9788FAF81B8BDBB200ECDA33 /* ViewController2.swift */,
				9788FAF91B8BDBB200ECDA33 /* ViewController2.xib */,
				9788FAD91B8BC61500ECDA33 /* Images.xcassets */,
				9788FADB1B8BC61500ECDA33 /* LaunchScreen.xib */,
				9788FAD01B8BC61500ECDA33 /* Supporting Files */,
			);
			path = tips;
			sourceTree = "<group>";
		};
		9788FAD01B8BC61500ECDA33 /* Supporting Files */ = {
			isa = PBXGroup;
			children = (
				9788FAD11B8BC61500ECDA33 /* Info.plist */,
			);
			name = "Supporting Files";
			sourceTree = "<group>";
		};
		9788FAE51B8BC61500ECDA33 /* tipsTests */ = {
			isa = PBXGroup;
			children = (
				9788FAE81B8BC61500ECDA33 /* tipsTests.swift */,
				9788FAE61B8BC61500ECDA33 /* Supporting Files */,
			);
			path = tipsTests;
			sourceTree = "<group>";
		};
		9788FAE61B8BC61500ECDA33 /* Supporting Files */ = {
			isa = PBXGroup;
			children = (
				9788FAE71B8BC61500ECDA33 /* Info.plist */,
			);
			name = "Supporting Files";
			sourceTree = "<group>";
		};
/* End PBXGroup section */

/* Begin PBXNativeTarget section */
		9788FACC1B8BC61500ECDA33 /* tips */ = {
			isa = PBXNativeTarget;
			buildConfigurationList = 9788FAEC1B8BC61500ECDA33 /* Build configuration list for PBXNativeTarget "tips" */;
			buildPhases = (
				9788FAC91B8BC61500ECDA33 /* Sources */,
				9788FACA1B8BC61500ECDA33 /* Frameworks */,
				9788FACB1B8BC61500ECDA33 /* Resources */,
			);
			buildRules = (
			);
			dependencies = (
			);
			name = tips;
			productName = tips;
			productReference = 9788FACD1B8BC61500ECDA33 /* tips.app */;
			productType = "com.apple.product-type.application";
		};
		9788FAE11B8BC61500ECDA33 /* tipsTests */ = {
			isa = PBXNativeTarget;
			buildConfigurationList = 9788FAEF1B8BC61500ECDA33 /* Build configuration list for PBXNativeTarget "tipsTests" */;
			buildPhases = (
				9788FADE1B8BC61500ECDA33 /* Sources */,
				9788FADF1B8BC61500ECDA33 /* Frameworks */,
				9788FAE01B8BC61500ECDA33 /* Resources */,
			);
			buildRules = (
			);
			dependencies = (
				9788FAE41B8BC61500ECDA33 /* PBXTargetDependency */,
			);
			name = tipsTests;
			productName = tipsTests;
			productReference = 9788FAE21B8BC61500ECDA33 /* tipsTests.xctest */;
			productType = "com.apple.product-type.bundle.unit-test";
		};
/* End PBXNativeTarget section */

/* Begin PBXProject section */
		9788FAC51B8BC61500ECDA33 /* Project object */ = {
			isa = PBXProject;
			attributes = {
				LastUpgradeCheck = 0640;
				ORGANIZATIONNAME = vu;
				TargetAttributes = {
					9788FACC1B8BC61500ECDA33 = {
						CreatedOnToolsVersion = 6.4;
					};
					9788FAE11B8BC61500ECDA33 = {
						CreatedOnToolsVersion = 6.4;
						TestTargetID = 9788FACC1B8BC61500ECDA33;
					};
				};
			};
			buildConfigurationList = 9788FAC81B8BC61500ECDA33 /* Build configuration list for PBXProject "tips" */;
			compatibilityVersion = "Xcode 3.2";
			developmentRegion = English;
			hasScannedForEncodings = 0;
			knownRegions = (
				en,
				Base,
			);
			mainGroup = 9788FAC41B8BC61500ECDA33;
			productRefGroup = 9788FACE1B8BC61500ECDA33 /* Products */;
			projectDirPath = "";
			projectRoot = "";
			targets = (
				9788FACC1B8BC61500ECDA33 /* tips */,
				9788FAE11B8BC61500ECDA33 /* tipsTests */,
			);
		};
/* End PBXProject section */

/* Begin PBXResourcesBuildPhase section */
		9788FACB1B8BC61500ECDA33 /* Resources */ = {
			isa = PBXResourcesBuildPhase;
			buildActionMask = 2147483647;
			files = (
				9788FAD81B8BC61500ECDA33 /* Main.storyboard in Resources */,
				9788FAFB1B8BDBB200ECDA33 /* ViewController2.xib in Resources */,
				9788FADD1B8BC61500ECDA33 /* LaunchScreen.xib in Resources */,
				9788FADA1B8BC61500ECDA33 /* Images.xcassets in Resources */,
			);
			runOnlyForDeploymentPostprocessing = 0;
		};
		9788FAE01B8BC61500ECDA33 /* Resources */ = {
			isa = PBXResourcesBuildPhase;
			buildActionMask = 2147483647;
			files = (
			);
			runOnlyForDeploymentPostprocessing = 0;
		};
/* End PBXResourcesBuildPhase section */

/* Begin PBXSourcesBuildPhase section */
		9788FAC91B8BC61500ECDA33 /* Sources */ = {
			isa = PBXSourcesBuildPhase;
			buildActionMask = 2147483647;
			files = (
				9788FAD51B8BC61500ECDA33 /* ViewController.swift in Sources */,
				9788FAD31B8BC61500ECDA33 /* AppDelegate.swift in Sources */,
				9788FAFA1B8BDBB200ECDA33 /* ViewController2.swift in Sources */,
			);
			runOnlyForDeploymentPostprocessing = 0;
		};
		9788FADE1B8BC61500ECDA33 /* Sources */ = {
			isa = PBXSourcesBuildPhase;
			buildActionMask = 2147483647;
			files = (
				9788FAE91B8BC61500ECDA33 /* tipsTests.swift in Sources */,
			);
			runOnlyForDeploymentPostprocessing = 0;
		};
/* End PBXSourcesBuildPhase section */

/* Begin PBXTargetDependency section */
		9788FAE41B8BC61500ECDA33 /* PBXTargetDependency */ = {
			isa = PBXTargetDependency;
			target = 9788FACC1B8BC61500ECDA33 /* tips */;
			targetProxy = 9788FAE31B8BC61500ECDA33 /* PBXContainerItemProxy */;
		};
/* End PBXTargetDependency section */

/* Begin PBXVariantGroup section */
		9788FAD61B8BC61500ECDA33 /* Main.storyboard */ = {
			isa = PBXVariantGroup;
			children = (
				9788FAD71B8BC61500ECDA33 /* Base */,
			);
			name = Main.storyboard;
			sourceTree = "<group>";
		};
		9788FADB1B8BC61500ECDA33 /* LaunchScreen.xib */ = {
			isa = PBXVariantGroup;
			children = (
				9788FADC1B8BC61500ECDA33 /* Base */,
			);
			name = LaunchScreen.xib;
			sourceTree = "<group>";
		};
/* End PBXVariantGroup section */

/* Begin XCBuildConfiguration section */
		9788FAEA1B8BC61500ECDA33 /* Debug */ = {
			isa = XCBuildConfiguration;
			buildSettings = {
				ALWAYS_SEARCH_USER_PATHS = NO;
				CLANG_CXX_LANGUAGE_STANDARD = "gnu++0x";
				CLANG_CXX_LIBRARY = "libc++";
				CLANG_ENABLE_MODULES = YES;
				CLANG_ENABLE_OBJC_ARC = YES;
				CLANG_WARN_BOOL_CONVERSION = YES;
				CLANG_WARN_CONSTANT_CONVERSION = YES;
				CLANG_WARN_DIRECT_OBJC_ISA_USAGE = YES_ERROR;
				CLANG_WARN_EMPTY_BODY = YES;
				CLANG_WARN_ENUM_CONVERSION = YES;
				CLANG_WARN_INT_CONVERSION = YES;
				CLANG_WARN_OBJC_ROOT_CLASS = YES_ERROR;
				CLANG_WARN_UNREACHABLE_CODE = YES;
				CLANG_WARN__DUPLICATE_METHOD_MATCH = YES;
				"CODE_SIGN_IDENTITY[sdk=iphoneos*]" = "iPhone Developer";
				COPY_PHASE_STRIP = NO;
				DEBUG_INFORMATION_FORMAT = "dwarf-with-dsym";
				ENABLE_STRICT_OBJC_MSGSEND = YES;
				GCC_C_LANGUAGE_STANDARD = gnu99;
				GCC_DYNAMIC_NO_PIC = NO;
				GCC_NO_COMMON_BLOCKS = YES;
				GCC_OPTIMIZATION_LEVEL = 0;
				GCC_PREPROCESSOR_DEFINITIONS = (
					"DEBUG=1",
					"$(inherited)",
				);
				GCC_SYMBOLS_PRIVATE_EXTERN = NO;
				GCC_WARN_64_TO_32_BIT_CONVERSION = YES;
				GCC_WARN_ABOUT_RETURN_TYPE = YES_ERROR;
				GCC_WARN_UNDECLARED_SELECTOR = YES;
				GCC_WARN_UNINITIALIZED_AUTOS = YES_AGGRESSIVE;
				GCC_WARN_UNUSED_FUNCTION = YES;
				GCC_WARN_UNUSED_VARIABLE = YES;
				IPHONEOS_DEPLOYMENT_TARGET = 8.4;
				MTL_ENABLE_DEBUG_INFO = YES;
				ONLY_ACTIVE_ARCH = YES;
				SDKROOT = iphoneos;
				SWIFT_OPTIMIZATION_LEVEL = "-Onone";
			};
			name = Debug;
		};
		9788FAEB1B8BC61500ECDA33 /* Release */ = {
			isa = XCBuildConfiguration;
			buildSettings = {
				ALWAYS_SEARCH_USER_PATHS = NO;
				CLANG_CXX_LANGUAGE_STANDARD = "gnu++0x";
				CLANG_CXX_LIBRARY = "libc++";
				CLANG_ENABLE_MODULES = YES;
				CLANG_ENABLE_OBJC_ARC = YES;
				CLANG_WARN_BOOL_CONVERSION = YES;
				CLANG_WARN_CONSTANT_CONVERSION = YES;
				CLANG_WARN_DIRECT_OBJC_ISA_USAGE = YES_ERROR;
				CLANG_WARN_EMPTY_BODY = YES;
				CLANG_WARN_ENUM_CONVERSION = YES;
				CLANG_WARN_INT_CONVERSION = YES;
				CLANG_WARN_OBJC_ROOT_CLASS = YES_ERROR;
				CLANG_WARN_UNREACHABLE_CODE = YES;
				CLANG_WARN__DUPLICATE_METHOD_MATCH = YES;
				"CODE_SIGN_IDENTITY[sdk=iphoneos*]" = "iPhone Developer";
				COPY_PHASE_STRIP = NO;
				DEBUG_INFORMATION_FORMAT = "dwarf-with-dsym";
				ENABLE_NS_ASSERTIONS = NO;
				ENABLE_STRICT_OBJC_MSGSEND = YES;
				GCC_C_LANGUAGE_STANDARD = gnu99;
				GCC_NO_COMMON_BLOCKS = YES;
				GCC_WARN_64_TO_32_BIT_CONVERSION = YES;
				GCC_WARN_ABOUT_RETURN_TYPE = YES_ERROR;
				GCC_WARN_UNDECLARED_SELECTOR = YES;
				GCC_WARN_UNINITIALIZED_AUTOS = YES_AGGRESSIVE;
				GCC_WARN_UNUSED_FUNCTION = YES;
				GCC_WARN_UNUSED_VARIABLE = YES;
				IPHONEOS_DEPLOYMENT_TARGET = 8.4;
				MTL_ENABLE_DEBUG_INFO = NO;
				SDKROOT = iphoneos;
				VALIDATE_PRODUCT = YES;
			};
			name = Release;
		};
		9788FAED1B8BC61500ECDA33 /* Debug */ = {
			isa = XCBuildConfiguration;
			buildSettings = {
				ASSETCATALOG_COMPILER_APPICON_NAME = AppIcon;
				INFOPLIST_FILE = tips/Info.plist;
				IPHONEOS_DEPLOYMENT_TARGET = 7.0;
				LD_RUNPATH_SEARCH_PATHS = "$(inherited) @executable_path/Frameworks";
				PRODUCT_NAME = "$(TARGET_NAME)";
			};
			name = Debug;
		};
		9788FAEE1B8BC61500ECDA33 /* Release */ = {
			isa = XCBuildConfiguration;
			buildSettings = {
				ASSETCATALOG_COMPILER_APPICON_NAME = AppIcon;
				INFOPLIST_FILE = tips/Info.plist;
				IPHONEOS_DEPLOYMENT_TARGET = 7.0;
				LD_RUNPATH_SEARCH_PATHS = "$(inherited) @executable_path/Frameworks";
				PRODUCT_NAME = "$(TARGET_NAME)";
			};
			name = Release;
		};
		9788FAF01B8BC61500ECDA33 /* Debug */ = {
			isa = XCBuildConfiguration;
			buildSettings = {
				BUNDLE_LOADER = "$(TEST_HOST)";
				FRAMEWORK_SEARCH_PATHS = (
					"$(SDKROOT)/Developer/Library/Frameworks",
					"$(inherited)",
				);
				GCC_PREPROCESSOR_DEFINITIONS = (
					"DEBUG=1",
					"$(inherited)",
				);
				INFOPLIST_FILE = tipsTests/Info.plist;
				LD_RUNPATH_SEARCH_PATHS = "$(inherited) @executable_path/Frameworks @loader_path/Frameworks";
				PRODUCT_NAME = "$(TARGET_NAME)";
				TEST_HOST = "$(BUILT_PRODUCTS_DIR)/tips.app/tips";
			};
			name = Debug;
		};
		9788FAF11B8BC61500ECDA33 /* Release */ = {
			isa = XCBuildConfiguration;
			buildSettings = {
				BUNDLE_LOADER = "$(TEST_HOST)";
				FRAMEWORK_SEARCH_PATHS = (
					"$(SDKROOT)/Developer/Library/Frameworks",
					"$(inherited)",
				);
				INFOPLIST_FILE = tipsTests/Info.plist;
				LD_RUNPATH_SEARCH_PATHS = "$(inherited) @executable_path/Frameworks @loader_path/Frameworks";
				PRODUCT_NAME = "$(TARGET_NAME)";
				TEST_HOST = "$(BUILT_PRODUCTS_DIR)/tips.app/tips";
			};
			name = Release;
		};
/* End XCBuildConfiguration section */

/* Begin XCConfigurationList section */
		9788FAC81B8BC61500ECDA33 /* Build configuration list for PBXProject "tips" */ = {
			isa = XCConfigurationList;
			buildConfigurations = (
				9788FAEA1B8BC61500ECDA33 /* Debug */,
				9788FAEB1B8BC61500ECDA33 /* Release */,
			);
			defaultConfigurationIsVisible = 0;
			defaultConfigurationName = Release;
		};
		9788FAEC1B8BC61500ECDA33 /* Build configuration list for PBXNativeTarget "tips" */ = {
			isa = XCConfigurationList;
			buildConfigurations = (
				9788FAED1B8BC61500ECDA33 /* Debug */,
				9788FAEE1B8BC61500ECDA33 /* Release */,
			);
			defaultConfigurationIsVisible = 0;
		};
		9788FAEF1B8BC61500ECDA33 /* Build configuration list for PBXNativeTarget "tipsTests" */ = {
			isa = XCConfigurationList;
			buildConfigurations = (
				9788FAF01B8BC61500ECDA33 /* Debug */,
				9788FAF11B8BC61500ECDA33 /* Release */,
			);
			defaultConfigurationIsVisible = 0;
		};
/* End XCConfigurationList section */
	};
	rootObject = 9788FAC51B8BC61500ECDA33 /* Project object */;
}
